
Microsoft Visual Studio Solution File, Format Version 12.00
# Visual Studio 15
Project("{FAE04EC0-301F-11D3-BF4B-00C04F79EFBC}") = "Assembly-CSharp", "Assembly-CSharp.csproj", "{C6759384-DFDE-0852-4DED-E2ACF6311215}"
EndProject
Project("{FAE04EC0-301F-11D3-BF4B-00C04F79EFBC}") = "Assembly-CSharp-Editor", "Assembly-CSharp-Editor.csproj", "{0E00005C-C36C-80E8-B015-981A33931375}"
EndProject
Global
	GlobalSection(SolutionConfigurationPlatforms) = preSolution
		Debug|Any CPU = Debug|Any CPU
		Release|Any CPU = Release|Any CPU
	EndGlobalSection
	GlobalSection(ProjectConfigurationPlatforms) = postSolution
		{C6759384-DFDE-0852-4DED-E2ACF6311215}.Debug|Any CPU.ActiveCfg = Debug|Any CPU
		{C6759384-DFDE-0852-4DED-E2ACF6311215}.Debug|Any CPU.Build.0 = Debug|Any CPU
		{C6759384-DFDE-0852-4DED-E2ACF6311215}.Release|Any CPU.ActiveCfg = Release|Any CPU
		{C6759384-DFDE-0852-4DED-E2ACF6311215}.Release|Any CPU.Build.0 = Release|Any CPU
		{0E00005C-C36C-80E8-B015-981A33931375}.Debug|Any CPU.ActiveCfg = Debug|Any CPU
		{0E00005C-C36C-80E8-B015-981A33931375}.Debug|Any CPU.Build.0 = Debug|Any CPU
		{0E00005C-C36C-80E8-B015-981A33931375}.Release|Any CPU.ActiveCfg = Release|Any CPU
		{0E00005C-C36C-80E8-B015-981A33931375}.Release|Any CPU.Build.0 = Release|Any CPU
	EndGlobalSection
	GlobalSection(SolutionProperties) = preSolution
		HideSolutionNode = FALSE
	EndGlobalSection
EndGlobal
